<Solution>
  <Project Path="Assembly-CSharp-Editor.csproj" />
  <Project Path="Assembly-CSharp-firstpass.csproj" />
  <Project Path="LeanTweenAssembly.csproj" />
  <Project Path="ScriptsAssemblyDef.csproj" />
  <Project Path="VisualDirector.csproj" />
  <Project Path="Unity.GraphToolkit.Samples.VisualNovelDirector.Editor.csproj" />
  <Project Path="Assembly-CSharp-Editor-firstpass.csproj" />
</Solution>
